
Microsoft Visual Studio Solution File, Format Version 12.00
# Visual Studio Version 17
VisualStudioVersion = 17.6.33723.286
MinimumVisualStudioVersion = 10.0.40219.1
Project("{FAE04EC0-301F-11D3-BF4B-00C04F79EFBC}") = "First proglamc", "First proglamc.csproj", "{C7BE3B55-F253-4661-A179-7CFB6660BB0E}"
EndProject
Global
	GlobalSection(SolutionConfigurationPlatforms) = preSolution
		Debug|Any CPU = Debug|Any CPU
		Release|Any CPU = Release|Any CPU
	EndGlobalSection
	GlobalSection(ProjectConfigurationPlatforms) = postSolution
		{C7BE3B55-F253-4661-A179-7CFB6660BB0E}.Debug|Any CPU.ActiveCfg = Debug|Any CPU
		{C7BE3B55-F253-4661-A179-7CFB6660BB0E}.Debug|Any CPU.Build.0 = Debug|Any CPU
		{C7BE3B55-F253-4661-A179-7CFB6660BB0E}.Release|Any CPU.ActiveCfg = Release|Any CPU
		{C7BE3B55-F253-4661-A179-7CFB6660BB0E}.Release|Any CPU.Build.0 = Release|Any CPU
	EndGlobalSection
	GlobalSection(SolutionProperties) = preSolution
		HideSolutionNode = FALSE
	EndGlobalSection
	GlobalSection(ExtensibilityGlobals) = postSolution
		SolutionGuid = {139D7907-2173-4C47-9BD5-B83DD627D1D7}
	EndGlobalSection
EndGlobal
