
Microsoft Visual Studio Solution File, Format Version 12.00
# Visual Studio Version 17
VisualStudioVersion = 17.6.33723.286
MinimumVisualStudioVersion = 10.0.40219.1
Project("{8BC9CEB8-8B4A-11D0-8D11-00A0C91BC942}") = "whileex1", "whileex1\whileex1.vcxproj", "{285D5000-38EC-49F6-8131-27D0397B4BA3}"
EndProject
Global
	GlobalSection(SolutionConfigurationPlatforms) = preSolution
		Debug|x64 = Debug|x64
		Debug|x86 = Debug|x86
		Release|x64 = Release|x64
		Release|x86 = Release|x86
	EndGlobalSection
	GlobalSection(ProjectConfigurationPlatforms) = postSolution
		{285D5000-38EC-49F6-8131-27D0397B4BA3}.Debug|x64.ActiveCfg = Debug|x64
		{285D5000-38EC-49F6-8131-27D0397B4BA3}.Debug|x64.Build.0 = Debug|x64
		{285D5000-38EC-49F6-8131-27D0397B4BA3}.Debug|x86.ActiveCfg = Debug|Win32
		{285D5000-38EC-49F6-8131-27D0397B4BA3}.Debug|x86.Build.0 = Debug|Win32
		{285D5000-38EC-49F6-8131-27D0397B4BA3}.Release|x64.ActiveCfg = Release|x64
		{285D5000-38EC-49F6-8131-27D0397B4BA3}.Release|x64.Build.0 = Release|x64
		{285D5000-38EC-49F6-8131-27D0397B4BA3}.Release|x86.ActiveCfg = Release|Win32
		{285D5000-38EC-49F6-8131-27D0397B4BA3}.Release|x86.Build.0 = Release|Win32
	EndGlobalSection
	GlobalSection(SolutionProperties) = preSolution
		HideSolutionNode = FALSE
	EndGlobalSection
	GlobalSection(ExtensibilityGlobals) = postSolution
		SolutionGuid = {784A18AA-0B76-4CE9-AF21-5AB7439B393C}
	EndGlobalSection
EndGlobal
