
Microsoft Visual Studio Solution File, Format Version 12.00
# Visual Studio Version 17
VisualStudioVersion = 17.6.33723.286
MinimumVisualStudioVersion = 10.0.40219.1
Project("{8BC9CEB8-8B4A-11D0-8D11-00A0C91BC942}") = "p22", "p22\p22.vcxproj", "{9CA316CB-F285-4CF9-969C-2B5A15C78F7C}"
EndProject
Global
	GlobalSection(SolutionConfigurationPlatforms) = preSolution
		Debug|x64 = Debug|x64
		Debug|x86 = Debug|x86
		Release|x64 = Release|x64
		Release|x86 = Release|x86
	EndGlobalSection
	GlobalSection(ProjectConfigurationPlatforms) = postSolution
		{9CA316CB-F285-4CF9-969C-2B5A15C78F7C}.Debug|x64.ActiveCfg = Debug|x64
		{9CA316CB-F285-4CF9-969C-2B5A15C78F7C}.Debug|x64.Build.0 = Debug|x64
		{9CA316CB-F285-4CF9-969C-2B5A15C78F7C}.Debug|x86.ActiveCfg = Debug|Win32
		{9CA316CB-F285-4CF9-969C-2B5A15C78F7C}.Debug|x86.Build.0 = Debug|Win32
		{9CA316CB-F285-4CF9-969C-2B5A15C78F7C}.Release|x64.ActiveCfg = Release|x64
		{9CA316CB-F285-4CF9-969C-2B5A15C78F7C}.Release|x64.Build.0 = Release|x64
		{9CA316CB-F285-4CF9-969C-2B5A15C78F7C}.Release|x86.ActiveCfg = Release|Win32
		{9CA316CB-F285-4CF9-969C-2B5A15C78F7C}.Release|x86.Build.0 = Release|Win32
	EndGlobalSection
	GlobalSection(SolutionProperties) = preSolution
		HideSolutionNode = FALSE
	EndGlobalSection
	GlobalSection(ExtensibilityGlobals) = postSolution
		SolutionGuid = {EBFBF7C1-36C0-4676-AFD1-1523D03014DD}
	EndGlobalSection
EndGlobal
